
Microsoft Visual Studio Solution File, Format Version 12.00
# Visual Studio Version 17
VisualStudioVersion = 17.0.32126.317
MinimumVisualStudioVersion = 10.0.40219.1
Project("{FAE04EC0-301F-11D3-BF4B-00C04F79EFBC}") = "EnumExample", "EnumExample.csproj", "{6AF13D1C-CA31-47F8-8FAE-2921D6A48866}"
EndProject
Global
	GlobalSection(SolutionConfigurationPlatforms) = preSolution
		Debug|Any CPU = Debug|Any CPU
		Release|Any CPU = Release|Any CPU
	EndGlobalSection
	GlobalSection(ProjectConfigurationPlatforms) = postSolution
		{6AF13D1C-CA31-47F8-8FAE-2921D6A48866}.Debug|Any CPU.ActiveCfg = Debug|Any CPU
		{6AF13D1C-CA31-47F8-8FAE-2921D6A48866}.Debug|Any CPU.Build.0 = Debug|Any CPU
		{6AF13D1C-CA31-47F8-8FAE-2921D6A48866}.Release|Any CPU.ActiveCfg = Release|Any CPU
		{6AF13D1C-CA31-47F8-8FAE-2921D6A48866}.Release|Any CPU.Build.0 = Release|Any CPU
	EndGlobalSection
	GlobalSection(SolutionProperties) = preSolution
		HideSolutionNode = FALSE
	EndGlobalSection
	GlobalSection(ExtensibilityGlobals) = postSolution
		SolutionGuid = {36E5295E-E5D6-4CB1-9773-5E7F466EB4A3}
	EndGlobalSection
EndGlobal
